
Microsoft Visual Studio Solution File, Format Version 12.00
# Visual Studio 15
VisualStudioVersion = 15.0.28307.168
MinimumVisualStudioVersion = 10.0.40219.1
Project("{FAE04EC0-301F-11D3-BF4B-00C04F79EFBC}") = "week2", "week2\week2.csproj", "{B6A9DCE9-C506-4FA7-A34F-D1E5EB8F9073}"
EndProject
Global
	GlobalSection(SolutionConfigurationPlatforms) = preSolution
		Debug|Any CPU = Debug|Any CPU
		Release|Any CPU = Release|Any CPU
	EndGlobalSection
	GlobalSection(ProjectConfigurationPlatforms) = postSolution
		{B6A9DCE9-C506-4FA7-A34F-D1E5EB8F9073}.Debug|Any CPU.ActiveCfg = Debug|Any CPU
		{B6A9DCE9-C506-4FA7-A34F-D1E5EB8F9073}.Debug|Any CPU.Build.0 = Debug|Any CPU
		{B6A9DCE9-C506-4FA7-A34F-D1E5EB8F9073}.Release|Any CPU.ActiveCfg = Release|Any CPU
		{B6A9DCE9-C506-4FA7-A34F-D1E5EB8F9073}.Release|Any CPU.Build.0 = Release|Any CPU
	EndGlobalSection
	GlobalSection(SolutionProperties) = preSolution
		HideSolutionNode = FALSE
	EndGlobalSection
	GlobalSection(ExtensibilityGlobals) = postSolution
		SolutionGuid = {1397BDD2-E28A-46C8-9A3E-CC90ABC33F7D}
	EndGlobalSection
EndGlobal
