
Microsoft Visual Studio Solution File, Format Version 12.00
# Visual Studio 15
VisualStudioVersion = 15.0.28307.168
MinimumVisualStudioVersion = 10.0.40219.1
Project("{FAE04EC0-301F-11D3-BF4B-00C04F79EFBC}") = "ConsoleApp8", "ConsoleApp8\ConsoleApp8.csproj", "{E6232CDD-B10D-41E0-B485-A520EB7EBC82}"
EndProject
Global
	GlobalSection(SolutionConfigurationPlatforms) = preSolution
		Debug|Any CPU = Debug|Any CPU
		Release|Any CPU = Release|Any CPU
	EndGlobalSection
	GlobalSection(ProjectConfigurationPlatforms) = postSolution
		{E6232CDD-B10D-41E0-B485-A520EB7EBC82}.Debug|Any CPU.ActiveCfg = Debug|Any CPU
		{E6232CDD-B10D-41E0-B485-A520EB7EBC82}.Debug|Any CPU.Build.0 = Debug|Any CPU
		{E6232CDD-B10D-41E0-B485-A520EB7EBC82}.Release|Any CPU.ActiveCfg = Release|Any CPU
		{E6232CDD-B10D-41E0-B485-A520EB7EBC82}.Release|Any CPU.Build.0 = Release|Any CPU
	EndGlobalSection
	GlobalSection(SolutionProperties) = preSolution
		HideSolutionNode = FALSE
	EndGlobalSection
	GlobalSection(ExtensibilityGlobals) = postSolution
		SolutionGuid = {85B452A3-2EFD-46B0-9C65-C6EF7B5012B1}
	EndGlobalSection
EndGlobal
