
Microsoft Visual Studio Solution File, Format Version 12.00
# Visual Studio 15
VisualStudioVersion = 15.0.28307.168
MinimumVisualStudioVersion = 10.0.40219.1
Project("{FAE04EC0-301F-11D3-BF4B-00C04F79EFBC}") = "Task4", "Task4.csproj", "{1C750D43-3398-47D8-AD75-3D8F5205DC08}"
EndProject
Global
	GlobalSection(SolutionConfigurationPlatforms) = preSolution
		Debug|Any CPU = Debug|Any CPU
		Release|Any CPU = Release|Any CPU
	EndGlobalSection
	GlobalSection(ProjectConfigurationPlatforms) = postSolution
		{1C750D43-3398-47D8-AD75-3D8F5205DC08}.Debug|Any CPU.ActiveCfg = Debug|Any CPU
		{1C750D43-3398-47D8-AD75-3D8F5205DC08}.Debug|Any CPU.Build.0 = Debug|Any CPU
		{1C750D43-3398-47D8-AD75-3D8F5205DC08}.Release|Any CPU.ActiveCfg = Release|Any CPU
		{1C750D43-3398-47D8-AD75-3D8F5205DC08}.Release|Any CPU.Build.0 = Release|Any CPU
	EndGlobalSection
	GlobalSection(SolutionProperties) = preSolution
		HideSolutionNode = FALSE
	EndGlobalSection
	GlobalSection(ExtensibilityGlobals) = postSolution
		SolutionGuid = {683B65F5-B219-4561-8C22-BD1EFC9A6B70}
	EndGlobalSection
EndGlobal
