
Microsoft Visual Studio Solution File, Format Version 12.00
# Visual Studio 15
VisualStudioVersion = 15.0.28307.168
MinimumVisualStudioVersion = 10.0.40219.1
Project("{FAE04EC0-301F-11D3-BF4B-00C04F79EFBC}") = "ConsoleApp4", "ConsoleApp4\ConsoleApp4.csproj", "{0A4E90F0-209C-48B0-A495-7494CD17B29B}"
EndProject
Project("{FAE04EC0-301F-11D3-BF4B-00C04F79EFBC}") = "Task4", "ConsoleApp1\Task4.csproj", "{1C750D43-3398-47D8-AD75-3D8F5205DC08}"
EndProject
Global
	GlobalSection(SolutionConfigurationPlatforms) = preSolution
		Debug|Any CPU = Debug|Any CPU
		Release|Any CPU = Release|Any CPU
	EndGlobalSection
	GlobalSection(ProjectConfigurationPlatforms) = postSolution
		{0A4E90F0-209C-48B0-A495-7494CD17B29B}.Debug|Any CPU.ActiveCfg = Debug|Any CPU
		{0A4E90F0-209C-48B0-A495-7494CD17B29B}.Debug|Any CPU.Build.0 = Debug|Any CPU
		{0A4E90F0-209C-48B0-A495-7494CD17B29B}.Release|Any CPU.ActiveCfg = Release|Any CPU
		{0A4E90F0-209C-48B0-A495-7494CD17B29B}.Release|Any CPU.Build.0 = Release|Any CPU
		{1C750D43-3398-47D8-AD75-3D8F5205DC08}.Debug|Any CPU.ActiveCfg = Debug|Any CPU
		{1C750D43-3398-47D8-AD75-3D8F5205DC08}.Debug|Any CPU.Build.0 = Debug|Any CPU
		{1C750D43-3398-47D8-AD75-3D8F5205DC08}.Release|Any CPU.ActiveCfg = Release|Any CPU
		{1C750D43-3398-47D8-AD75-3D8F5205DC08}.Release|Any CPU.Build.0 = Release|Any CPU
	EndGlobalSection
	GlobalSection(SolutionProperties) = preSolution
		HideSolutionNode = FALSE
	EndGlobalSection
	GlobalSection(ExtensibilityGlobals) = postSolution
		SolutionGuid = {C4DE5773-C001-42B7-8FF8-AA1B093D7EC0}
	EndGlobalSection
EndGlobal
